// !$*UTF8*$!
{
	archiveVersion = 1;
	classes = {
	};
	objectVersion = 56;
	objects = {

/* Begin PBXBuildFile section */
		4304AFFA2A9699D60087F7E8 /* SpotLocation.swift in Sources */ = {isa = PBXBuildFile; fileRef = 4304AFF92A9699D60087F7E8 /* SpotLocation.swift */; };
		4304AFFC2A96A06A0087F7E8 /* UserProfile.swift in Sources */ = {isa = PBXBuildFile; fileRef = 4304AFFB2A96A06A0087F7E8 /* UserProfile.swift */; };
		4304AFFE2A96A3210087F7E8 /* MockData.swift in Sources */ = {isa = PBXBuildFile; fileRef = 4304AFFD2A96A3210087F7E8 /* MockData.swift */; };
		4304B0012A96B0CB0087F7E8 /* LocationActionButton.swift in Sources */ = {isa = PBXBuildFile; fileRef = 4304B0002A96B0CB0087F7E8 /* LocationActionButton.swift */; };
		4304B0032A96B10A0087F7E8 /* FirstNameAvatarView.swift in Sources */ = {isa = PBXBuildFile; fileRef = 4304B0022A96B1090087F7E8 /* FirstNameAvatarView.swift */; };
		4304B0052A96B15F0087F7E8 /* BannerImageView.swift in Sources */ = {isa = PBXBuildFile; fileRef = 4304B0042A96B15F0087F7E8 /* BannerImageView.swift */; };
		4304B0072A96B18C0087F7E8 /* AddressView.swift in Sources */ = {isa = PBXBuildFile; fileRef = 4304B0062A96B18C0087F7E8 /* AddressView.swift */; };
		4304B0092A96B1AF0087F7E8 /* DescriptionView.swift in Sources */ = {isa = PBXBuildFile; fileRef = 4304B0082A96B1AF0087F7E8 /* DescriptionView.swift */; };
		430EC39D2AB1632F00B90508 /* ProfileModalView.swift in Sources */ = {isa = PBXBuildFile; fileRef = 430EC39C2AB1632F00B90508 /* ProfileModalView.swift */; };
		431407292A97E3C1005B48BF /* CKRecord+Ext.swift in Sources */ = {isa = PBXBuildFile; fileRef = 431407282A97E3C1005B48BF /* CKRecord+Ext.swift */; };
		431C6DF12AAFF52E006ECCED /* LocationDetailViewModel.swift in Sources */ = {isa = PBXBuildFile; fileRef = 431C6DF02AAFF52E006ECCED /* LocationDetailViewModel.swift */; };
		4345ADFB2AA28B9B00900B5D /* CKAsset+Ext.swift in Sources */ = {isa = PBXBuildFile; fileRef = 4345ADFA2AA28B9B00900B5D /* CKAsset+Ext.swift */; };
		4351C2C52AA7885200592A5E /* OnboardInfoView.swift in Sources */ = {isa = PBXBuildFile; fileRef = 4351C2C42AA7885200592A5E /* OnboardInfoView.swift */; };
		4351C2CB2AA78B2C00592A5E /* PhotoPicker.swift in Sources */ = {isa = PBXBuildFile; fileRef = 4351C2CA2AA78B2C00592A5E /* PhotoPicker.swift */; };
		4351C2CD2AA7F68800592A5E /* UIImage+Ext.swift in Sources */ = {isa = PBXBuildFile; fileRef = 4351C2CC2AA7F68800592A5E /* UIImage+Ext.swift */; };
		4351C2D22AA97DD200592A5E /* TabProfileViewModel.swift in Sources */ = {isa = PBXBuildFile; fileRef = 4351C2D12AA97DD200592A5E /* TabProfileViewModel.swift */; };
		436D186D2A91553C00E43BD1 /* LocationDetailView.swift in Sources */ = {isa = PBXBuildFile; fileRef = 436D186C2A91553C00E43BD1 /* LocationDetailView.swift */; };
		43849C682A9D50A400CFDCD2 /* AlertItem.swift in Sources */ = {isa = PBXBuildFile; fileRef = 43849C672A9D50A400CFDCD2 /* AlertItem.swift */; };
		43849C6B2A9D7F0800CFDCD2 /* TabLocationsViewModel.swift in Sources */ = {isa = PBXBuildFile; fileRef = 43849C6A2A9D7F0800CFDCD2 /* TabLocationsViewModel.swift */; };
		43849C6D2A9D7FA300CFDCD2 /* TabMapViewModel.swift in Sources */ = {isa = PBXBuildFile; fileRef = 43849C6C2A9D7FA300CFDCD2 /* TabMapViewModel.swift */; };
		43849C6F2A9D899300CFDCD2 /* LocationManager.swift in Sources */ = {isa = PBXBuildFile; fileRef = 43849C6E2A9D899300CFDCD2 /* LocationManager.swift */; };
		43875CB62AA45BC7000A7519 /* OnboardView.swift in Sources */ = {isa = PBXBuildFile; fileRef = 43875CB52AA45BC7000A7519 /* OnboardView.swift */; };
		439554AC2A96B8AF0050B82B /* CloudKitManager.swift in Sources */ = {isa = PBXBuildFile; fileRef = 439554AB2A96B8AF0050B82B /* CloudKitManager.swift */; };
		439554AE2A96CEB70050B82B /* Constants.swift in Sources */ = {isa = PBXBuildFile; fileRef = 439554AD2A96CEB70050B82B /* Constants.swift */; };
		43A098912A90105D00B0942A /* AfterBuildApp.swift in Sources */ = {isa = PBXBuildFile; fileRef = 43A098902A90105D00B0942A /* AfterBuildApp.swift */; };
		43A098952A90105D00B0942A /* Assets.xcassets in Resources */ = {isa = PBXBuildFile; fileRef = 43A098942A90105D00B0942A /* Assets.xcassets */; };
		43A098982A90105D00B0942A /* Preview Assets.xcassets in Resources */ = {isa = PBXBuildFile; fileRef = 43A098972A90105D00B0942A /* Preview Assets.xcassets */; };
		43A098A02A90173200B0942A /* Color+Ext.swift in Sources */ = {isa = PBXBuildFile; fileRef = 43A0989F2A90173200B0942A /* Color+Ext.swift */; };
		43A098A42A9017D800B0942A /* AppTabView.swift in Sources */ = {isa = PBXBuildFile; fileRef = 43A098A32A9017D800B0942A /* AppTabView.swift */; };
		43A098A62A90184900B0942A /* TabMapView.swift in Sources */ = {isa = PBXBuildFile; fileRef = 43A098A52A90184900B0942A /* TabMapView.swift */; };
		43A098A82A90189B00B0942A /* TabLocationsView.swift in Sources */ = {isa = PBXBuildFile; fileRef = 43A098A72A90189B00B0942A /* TabLocationsView.swift */; };
		43A098AA2A9018BC00B0942A /* TabProfileView.swift in Sources */ = {isa = PBXBuildFile; fileRef = 43A098A92A9018BC00B0942A /* TabProfileView.swift */; };
		43A3B6942A9511DB00905D3A /* LocationCell.swift in Sources */ = {isa = PBXBuildFile; fileRef = 43A3B6932A9511DB00905D3A /* LocationCell.swift */; };
		43A3B6962A95121D00905D3A /* AvatarView.swift in Sources */ = {isa = PBXBuildFile; fileRef = 43A3B6952A95121D00905D3A /* AvatarView.swift */; };
		43A3B6982A951EB500905D3A /* CustomModifiers.swift in Sources */ = {isa = PBXBuildFile; fileRef = 43A3B6972A951EB500905D3A /* CustomModifiers.swift */; };
		43A3B69A2A951F0800905D3A /* View+Ext.swift in Sources */ = {isa = PBXBuildFile; fileRef = 43A3B6992A951F0800905D3A /* View+Ext.swift */; };
		43A3B69C2A9520E000905D3A /* ButtonText.swift in Sources */ = {isa = PBXBuildFile; fileRef = 43A3B69B2A9520E000905D3A /* ButtonText.swift */; };
		43A3B6A32A9524D300905D3A /* LogoView.swift in Sources */ = {isa = PBXBuildFile; fileRef = 43A3B6A22A9524D300905D3A /* LogoView.swift */; };
		43A3B6A52A95251200905D3A /* RoudedBackground.swift in Sources */ = {isa = PBXBuildFile; fileRef = 43A3B6A42A95251200905D3A /* RoudedBackground.swift */; };
		43A3B6A72A95253500905D3A /* EditImage.swift in Sources */ = {isa = PBXBuildFile; fileRef = 43A3B6A62A95253500905D3A /* EditImage.swift */; };
		43A3B6A92A95254A00905D3A /* CharactersRemainView.swift in Sources */ = {isa = PBXBuildFile; fileRef = 43A3B6A82A95254A00905D3A /* CharactersRemainView.swift */; };
		43ACC19F2AAC0D300016DEBD /* LoadingView.swift in Sources */ = {isa = PBXBuildFile; fileRef = 43ACC19E2AAC0D300016DEBD /* LoadingView.swift */; };
		43F4EA782AA6EC12003FFBA2 /* DismissButton.swift in Sources */ = {isa = PBXBuildFile; fileRef = 43F4EA772AA6EC12003FFBA2 /* DismissButton.swift */; };
/* End PBXBuildFile section */

/* Begin PBXFileReference section */
		4304AFF92A9699D60087F7E8 /* SpotLocation.swift */ = {isa = PBXFileReference; lastKnownFileType = sourcecode.swift; path = SpotLocation.swift; sourceTree = "<group>"; };
		4304AFFB2A96A06A0087F7E8 /* UserProfile.swift */ = {isa = PBXFileReference; lastKnownFileType = sourcecode.swift; path = UserProfile.swift; sourceTree = "<group>"; };
		4304AFFD2A96A3210087F7E8 /* MockData.swift */ = {isa = PBXFileReference; lastKnownFileType = sourcecode.swift; path = MockData.swift; sourceTree = "<group>"; };
		4304B0002A96B0CB0087F7E8 /* LocationActionButton.swift */ = {isa = PBXFileReference; lastKnownFileType = sourcecode.swift; path = LocationActionButton.swift; sourceTree = "<group>"; };
		4304B0022A96B1090087F7E8 /* FirstNameAvatarView.swift */ = {isa = PBXFileReference; lastKnownFileType = sourcecode.swift; path = FirstNameAvatarView.swift; sourceTree = "<group>"; };
		4304B0042A96B15F0087F7E8 /* BannerImageView.swift */ = {isa = PBXFileReference; lastKnownFileType = sourcecode.swift; path = BannerImageView.swift; sourceTree = "<group>"; };
		4304B0062A96B18C0087F7E8 /* AddressView.swift */ = {isa = PBXFileReference; lastKnownFileType = sourcecode.swift; path = AddressView.swift; sourceTree = "<group>"; };
		4304B0082A96B1AF0087F7E8 /* DescriptionView.swift */ = {isa = PBXFileReference; lastKnownFileType = sourcecode.swift; path = DescriptionView.swift; sourceTree = "<group>"; };
		430EC39C2AB1632F00B90508 /* ProfileModalView.swift */ = {isa = PBXFileReference; lastKnownFileType = sourcecode.swift; path = ProfileModalView.swift; sourceTree = "<group>"; };
		431407282A97E3C1005B48BF /* CKRecord+Ext.swift */ = {isa = PBXFileReference; lastKnownFileType = sourcecode.swift; path = "CKRecord+Ext.swift"; sourceTree = "<group>"; };
		431C6DF02AAFF52E006ECCED /* LocationDetailViewModel.swift */ = {isa = PBXFileReference; lastKnownFileType = sourcecode.swift; path = LocationDetailViewModel.swift; sourceTree = "<group>"; };
		4345ADFA2AA28B9B00900B5D /* CKAsset+Ext.swift */ = {isa = PBXFileReference; lastKnownFileType = sourcecode.swift; path = "CKAsset+Ext.swift"; sourceTree = "<group>"; };
		4351C2C42AA7885200592A5E /* OnboardInfoView.swift */ = {isa = PBXFileReference; lastKnownFileType = sourcecode.swift; path = OnboardInfoView.swift; sourceTree = "<group>"; };
		4351C2CA2AA78B2C00592A5E /* PhotoPicker.swift */ = {isa = PBXFileReference; lastKnownFileType = sourcecode.swift; path = PhotoPicker.swift; sourceTree = "<group>"; };
		4351C2CC2AA7F68800592A5E /* UIImage+Ext.swift */ = {isa = PBXFileReference; lastKnownFileType = sourcecode.swift; path = "UIImage+Ext.swift"; sourceTree = "<group>"; };
		4351C2D12AA97DD200592A5E /* TabProfileViewModel.swift */ = {isa = PBXFileReference; lastKnownFileType = sourcecode.swift; path = TabProfileViewModel.swift; sourceTree = "<group>"; };
		436D186C2A91553C00E43BD1 /* LocationDetailView.swift */ = {isa = PBXFileReference; lastKnownFileType = sourcecode.swift; path = LocationDetailView.swift; sourceTree = "<group>"; };
		43849C672A9D50A400CFDCD2 /* AlertItem.swift */ = {isa = PBXFileReference; lastKnownFileType = sourcecode.swift; path = AlertItem.swift; sourceTree = "<group>"; };
		43849C6A2A9D7F0800CFDCD2 /* TabLocationsViewModel.swift */ = {isa = PBXFileReference; lastKnownFileType = sourcecode.swift; path = TabLocationsViewModel.swift; sourceTree = "<group>"; };
		43849C6C2A9D7FA300CFDCD2 /* TabMapViewModel.swift */ = {isa = PBXFileReference; lastKnownFileType = sourcecode.swift; path = TabMapViewModel.swift; sourceTree = "<group>"; };
		43849C6E2A9D899300CFDCD2 /* LocationManager.swift */ = {isa = PBXFileReference; lastKnownFileType = sourcecode.swift; path = LocationManager.swift; sourceTree = "<group>"; };
		43875CB52AA45BC7000A7519 /* OnboardView.swift */ = {isa = PBXFileReference; lastKnownFileType = sourcecode.swift; path = OnboardView.swift; sourceTree = "<group>"; };
		439554AB2A96B8AF0050B82B /* CloudKitManager.swift */ = {isa = PBXFileReference; lastKnownFileType = sourcecode.swift; path = CloudKitManager.swift; sourceTree = "<group>"; };
		439554AD2A96CEB70050B82B /* Constants.swift */ = {isa = PBXFileReference; lastKnownFileType = sourcecode.swift; path = Constants.swift; sourceTree = "<group>"; };
		43A0988D2A90105D00B0942A /* AfterBuild.app */ = {isa = PBXFileReference; explicitFileType = wrapper.application; includeInIndex = 0; path = AfterBuild.app; sourceTree = BUILT_PRODUCTS_DIR; };
		43A098902A90105D00B0942A /* AfterBuildApp.swift */ = {isa = PBXFileReference; lastKnownFileType = sourcecode.swift; path = AfterBuildApp.swift; sourceTree = "<group>"; };
		43A098942A90105D00B0942A /* Assets.xcassets */ = {isa = PBXFileReference; lastKnownFileType = folder.assetcatalog; path = Assets.xcassets; sourceTree = "<group>"; };
		43A098972A90105D00B0942A /* Preview Assets.xcassets */ = {isa = PBXFileReference; lastKnownFileType = folder.assetcatalog; path = "Preview Assets.xcassets"; sourceTree = "<group>"; };
		43A0989E2A90107B00B0942A /* AfterBuild.entitlements */ = {isa = PBXFileReference; lastKnownFileType = text.plist.entitlements; path = AfterBuild.entitlements; sourceTree = "<group>"; };
		43A0989F2A90173200B0942A /* Color+Ext.swift */ = {isa = PBXFileReference; lastKnownFileType = sourcecode.swift; path = "Color+Ext.swift"; sourceTree = "<group>"; };
		43A098A32A9017D800B0942A /* AppTabView.swift */ = {isa = PBXFileReference; lastKnownFileType = sourcecode.swift; path = AppTabView.swift; sourceTree = "<group>"; };
		43A098A52A90184900B0942A /* TabMapView.swift */ = {isa = PBXFileReference; lastKnownFileType = sourcecode.swift; path = TabMapView.swift; sourceTree = "<group>"; };
		43A098A72A90189B00B0942A /* TabLocationsView.swift */ = {isa = PBXFileReference; lastKnownFileType = sourcecode.swift; path = TabLocationsView.swift; sourceTree = "<group>"; };
		43A098A92A9018BC00B0942A /* TabProfileView.swift */ = {isa = PBXFileReference; lastKnownFileType = sourcecode.swift; path = TabProfileView.swift; sourceTree = "<group>"; };
		43A3B6932A9511DB00905D3A /* LocationCell.swift */ = {isa = PBXFileReference; lastKnownFileType = sourcecode.swift; path = LocationCell.swift; sourceTree = "<group>"; };
		43A3B6952A95121D00905D3A /* AvatarView.swift */ = {isa = PBXFileReference; lastKnownFileType = sourcecode.swift; path = AvatarView.swift; sourceTree = "<group>"; };
		43A3B6972A951EB500905D3A /* CustomModifiers.swift */ = {isa = PBXFileReference; lastKnownFileType = sourcecode.swift; path = CustomModifiers.swift; sourceTree = "<group>"; };
		43A3B6992A951F0800905D3A /* View+Ext.swift */ = {isa = PBXFileReference; lastKnownFileType = sourcecode.swift; path = "View+Ext.swift"; sourceTree = "<group>"; };
		43A3B69B2A9520E000905D3A /* ButtonText.swift */ = {isa = PBXFileReference; lastKnownFileType = sourcecode.swift; path = ButtonText.swift; sourceTree = "<group>"; };
		43A3B6A22A9524D300905D3A /* LogoView.swift */ = {isa = PBXFileReference; lastKnownFileType = sourcecode.swift; path = LogoView.swift; sourceTree = "<group>"; };
		43A3B6A42A95251200905D3A /* RoudedBackground.swift */ = {isa = PBXFileReference; lastKnownFileType = sourcecode.swift; path = RoudedBackground.swift; sourceTree = "<group>"; };
		43A3B6A62A95253500905D3A /* EditImage.swift */ = {isa = PBXFileReference; lastKnownFileType = sourcecode.swift; path = EditImage.swift; sourceTree = "<group>"; };
		43A3B6A82A95254A00905D3A /* CharactersRemainView.swift */ = {isa = PBXFileReference; lastKnownFileType = sourcecode.swift; path = CharactersRemainView.swift; sourceTree = "<group>"; };
		43ACC19E2AAC0D300016DEBD /* LoadingView.swift */ = {isa = PBXFileReference; lastKnownFileType = sourcecode.swift; path = LoadingView.swift; sourceTree = "<group>"; };
		43F4EA772AA6EC12003FFBA2 /* DismissButton.swift */ = {isa = PBXFileReference; lastKnownFileType = sourcecode.swift; path = DismissButton.swift; sourceTree = "<group>"; };
/* End PBXFileReference section */

/* Begin PBXFrameworksBuildPhase section */
		43A0988A2A90105D00B0942A /* Frameworks */ = {
			isa = PBXFrameworksBuildPhase;
			buildActionMask = 2147483647;
			files = (
			);
			runOnlyForDeploymentPostprocessing = 0;
		};
/* End PBXFrameworksBuildPhase section */

/* Begin PBXGroup section */
		4304AFF82A9699B20087F7E8 /* Model */ = {
			isa = PBXGroup;
			children = (
				4304AFF92A9699D60087F7E8 /* SpotLocation.swift */,
				4304AFFB2A96A06A0087F7E8 /* UserProfile.swift */,
			);
			path = Model;
			sourceTree = "<group>";
		};
		4304AFFF2A96B0B40087F7E8 /* LocationDetailView */ = {
			isa = PBXGroup;
			children = (
				4304B0002A96B0CB0087F7E8 /* LocationActionButton.swift */,
				4304B0082A96B1AF0087F7E8 /* DescriptionView.swift */,
				4304B0022A96B1090087F7E8 /* FirstNameAvatarView.swift */,
				4304B0042A96B15F0087F7E8 /* BannerImageView.swift */,
				4304B0062A96B18C0087F7E8 /* AddressView.swift */,
			);
			path = LocationDetailView;
			sourceTree = "<group>";
		};
		4304B00A2A96B3290087F7E8 /* TabProfileView */ = {
			isa = PBXGroup;
			children = (
				43A3B6A82A95254A00905D3A /* CharactersRemainView.swift */,
				43A3B6A42A95251200905D3A /* RoudedBackground.swift */,
			);
			path = TabProfileView;
			sourceTree = "<group>";
		};
		431C6DEF2AAFF504006ECCED /* LocationDetailView */ = {
			isa = PBXGroup;
			children = (
				436D186C2A91553C00E43BD1 /* LocationDetailView.swift */,
				431C6DF02AAFF52E006ECCED /* LocationDetailViewModel.swift */,
				430EC39C2AB1632F00B90508 /* ProfileModalView.swift */,
			);
			path = LocationDetailView;
			sourceTree = "<group>";
		};
		4351C2C12AA7879E00592A5E /* Cells */ = {
			isa = PBXGroup;
			children = (
				43A3B6932A9511DB00905D3A /* LocationCell.swift */,
			);
			path = Cells;
			sourceTree = "<group>";
		};
		4351C2C22AA787B000592A5E /* Buttons */ = {
			isa = PBXGroup;
			children = (
				43A3B69B2A9520E000905D3A /* ButtonText.swift */,
				43A3B6A62A95253500905D3A /* EditImage.swift */,
				43F4EA772AA6EC12003FFBA2 /* DismissButton.swift */,
			);
			path = Buttons;
			sourceTree = "<group>";
		};
		4351C2C32AA787F700592A5E /* OnboardView */ = {
			isa = PBXGroup;
			children = (
				4351C2C42AA7885200592A5E /* OnboardInfoView.swift */,
			);
			path = OnboardView;
			sourceTree = "<group>";
		};
		4351C2C92AA78AB700592A5E /* UIKit Components */ = {
			isa = PBXGroup;
			children = (
				4351C2CA2AA78B2C00592A5E /* PhotoPicker.swift */,
			);
			path = "UIKit Components";
			sourceTree = "<group>";
		};
		4351C2CE2AA97D5700592A5E /* TabMapView */ = {
			isa = PBXGroup;
			children = (
				43A098A52A90184900B0942A /* TabMapView.swift */,
				43849C6C2A9D7FA300CFDCD2 /* TabMapViewModel.swift */,
			);
			path = TabMapView;
			sourceTree = "<group>";
		};
		4351C2CF2AA97D8500592A5E /* TabLocationsView */ = {
			isa = PBXGroup;
			children = (
				43A098A72A90189B00B0942A /* TabLocationsView.swift */,
				43849C6A2A9D7F0800CFDCD2 /* TabLocationsViewModel.swift */,
			);
			path = TabLocationsView;
			sourceTree = "<group>";
		};
		4351C2D02AA97DC100592A5E /* TabProfileView */ = {
			isa = PBXGroup;
			children = (
				43A098A92A9018BC00B0942A /* TabProfileView.swift */,
				4351C2D12AA97DD200592A5E /* TabProfileViewModel.swift */,
			);
			path = TabProfileView;
			sourceTree = "<group>";
		};
		439554AA2A96B87E0050B82B /* Utilities */ = {
			isa = PBXGroup;
			children = (
				43A3B69D2A95236200905D3A /* Extensions */,
				439554AB2A96B8AF0050B82B /* CloudKitManager.swift */,
				43849C6E2A9D899300CFDCD2 /* LocationManager.swift */,
				439554AD2A96CEB70050B82B /* Constants.swift */,
				43849C672A9D50A400CFDCD2 /* AlertItem.swift */,
			);
			path = Utilities;
			sourceTree = "<group>";
		};
		43A098842A90105C00B0942A = {
			isa = PBXGroup;
			children = (
				43A0988F2A90105D00B0942A /* AfterBuild */,
				43A0988E2A90105D00B0942A /* Products */,
			);
			sourceTree = "<group>";
		};
		43A0988E2A90105D00B0942A /* Products */ = {
			isa = PBXGroup;
			children = (
				43A0988D2A90105D00B0942A /* AfterBuild.app */,
			);
			name = Products;
			sourceTree = "<group>";
		};
		43A0988F2A90105D00B0942A /* AfterBuild */ = {
			isa = PBXGroup;
			children = (
				43A0989E2A90107B00B0942A /* AfterBuild.entitlements */,
				43A098902A90105D00B0942A /* AfterBuildApp.swift */,
				43A098942A90105D00B0942A /* Assets.xcassets */,
				4304AFF82A9699B20087F7E8 /* Model */,
				439554AA2A96B87E0050B82B /* Utilities */,
				43A3B69E2A9523A500905D3A /* Views */,
				43A098962A90105D00B0942A /* Preview Content */,
			);
			path = AfterBuild;
			sourceTree = "<group>";
		};
		43A098962A90105D00B0942A /* Preview Content */ = {
			isa = PBXGroup;
			children = (
				4304AFFD2A96A3210087F7E8 /* MockData.swift */,
				43A098972A90105D00B0942A /* Preview Assets.xcassets */,
			);
			path = "Preview Content";
			sourceTree = "<group>";
		};
		43A3B69D2A95236200905D3A /* Extensions */ = {
			isa = PBXGroup;
			children = (
				431407282A97E3C1005B48BF /* CKRecord+Ext.swift */,
				4351C2CC2AA7F68800592A5E /* UIImage+Ext.swift */,
				4345ADFA2AA28B9B00900B5D /* CKAsset+Ext.swift */,
				43A0989F2A90173200B0942A /* Color+Ext.swift */,
				43A3B6992A951F0800905D3A /* View+Ext.swift */,
			);
			path = Extensions;
			sourceTree = "<group>";
		};
		43A3B69E2A9523A500905D3A /* Views */ = {
			isa = PBXGroup;
			children = (
				43A3B6972A951EB500905D3A /* CustomModifiers.swift */,
				43A3B6A12A95247900905D3A /* CustomViews */,
				43A3B69F2A9523AD00905D3A /* Screens */,
			);
			path = Views;
			sourceTree = "<group>";
		};
		43A3B69F2A9523AD00905D3A /* Screens */ = {
			isa = PBXGroup;
			children = (
				43A098A32A9017D800B0942A /* AppTabView.swift */,
				4351C2D02AA97DC100592A5E /* TabProfileView */,
				431C6DEF2AAFF504006ECCED /* LocationDetailView */,
				4351C2CF2AA97D8500592A5E /* TabLocationsView */,
				4351C2CE2AA97D5700592A5E /* TabMapView */,
				43875CB52AA45BC7000A7519 /* OnboardView.swift */,
			);
			path = Screens;
			sourceTree = "<group>";
		};
		43A3B6A12A95247900905D3A /* CustomViews */ = {
			isa = PBXGroup;
			children = (
				43A3B6A22A9524D300905D3A /* LogoView.swift */,
				43A3B6952A95121D00905D3A /* AvatarView.swift */,
				43ACC19E2AAC0D300016DEBD /* LoadingView.swift */,
				4351C2C92AA78AB700592A5E /* UIKit Components */,
				4351C2C12AA7879E00592A5E /* Cells */,
				4351C2C22AA787B000592A5E /* Buttons */,
				4304B00A2A96B3290087F7E8 /* TabProfileView */,
				4304AFFF2A96B0B40087F7E8 /* LocationDetailView */,
				4351C2C32AA787F700592A5E /* OnboardView */,
			);
			path = CustomViews;
			sourceTree = "<group>";
		};
/* End PBXGroup section */

/* Begin PBXNativeTarget section */
		43A0988C2A90105D00B0942A /* AfterBuild */ = {
			isa = PBXNativeTarget;
			buildConfigurationList = 43A0989B2A90105D00B0942A /* Build configuration list for PBXNativeTarget "AfterBuild" */;
			buildPhases = (
				43A098892A90105D00B0942A /* Sources */,
				43A0988A2A90105D00B0942A /* Frameworks */,
				43A0988B2A90105D00B0942A /* Resources */,
			);
			buildRules = (
			);
			dependencies = (
			);
			name = AfterBuild;
			productName = AfterBuild;
			productReference = 43A0988D2A90105D00B0942A /* AfterBuild.app */;
			productType = "com.apple.product-type.application";
		};
/* End PBXNativeTarget section */

/* Begin PBXProject section */
		43A098852A90105C00B0942A /* Project object */ = {
			isa = PBXProject;
			attributes = {
				BuildIndependentTargetsInParallel = 1;
				LastSwiftUpdateCheck = 1430;
				LastUpgradeCheck = 1500;
				TargetAttributes = {
					43A0988C2A90105D00B0942A = {
						CreatedOnToolsVersion = 14.3.1;
					};
				};
			};
			buildConfigurationList = 43A098882A90105C00B0942A /* Build configuration list for PBXProject "AfterBuild" */;
			compatibilityVersion = "Xcode 14.0";
			developmentRegion = en;
			hasScannedForEncodings = 0;
			knownRegions = (
				en,
				Base,
			);
			mainGroup = 43A098842A90105C00B0942A;
			productRefGroup = 43A0988E2A90105D00B0942A /* Products */;
			projectDirPath = "";
			projectRoot = "";
			targets = (
				43A0988C2A90105D00B0942A /* AfterBuild */,
			);
		};
/* End PBXProject section */

/* Begin PBXResourcesBuildPhase section */
		43A0988B2A90105D00B0942A /* Resources */ = {
			isa = PBXResourcesBuildPhase;
			buildActionMask = 2147483647;
			files = (
				43A098982A90105D00B0942A /* Preview Assets.xcassets in Resources */,
				43A098952A90105D00B0942A /* Assets.xcassets in Resources */,
			);
			runOnlyForDeploymentPostprocessing = 0;
		};
/* End PBXResourcesBuildPhase section */

/* Begin PBXSourcesBuildPhase section */
		43A098892A90105D00B0942A /* Sources */ = {
			isa = PBXSourcesBuildPhase;
			buildActionMask = 2147483647;
			files = (
				4304B0012A96B0CB0087F7E8 /* LocationActionButton.swift in Sources */,
				43A3B6A52A95251200905D3A /* RoudedBackground.swift in Sources */,
				43A098912A90105D00B0942A /* AfterBuildApp.swift in Sources */,
				43A3B6982A951EB500905D3A /* CustomModifiers.swift in Sources */,
				43A098AA2A9018BC00B0942A /* TabProfileView.swift in Sources */,
				43A098A62A90184900B0942A /* TabMapView.swift in Sources */,
				4304B0072A96B18C0087F7E8 /* AddressView.swift in Sources */,
				43849C6F2A9D899300CFDCD2 /* LocationManager.swift in Sources */,
				439554AE2A96CEB70050B82B /* Constants.swift in Sources */,
				43A3B69C2A9520E000905D3A /* ButtonText.swift in Sources */,
				436D186D2A91553C00E43BD1 /* LocationDetailView.swift in Sources */,
				43ACC19F2AAC0D300016DEBD /* LoadingView.swift in Sources */,
				43A098A82A90189B00B0942A /* TabLocationsView.swift in Sources */,
				4351C2D22AA97DD200592A5E /* TabProfileViewModel.swift in Sources */,
				4304B0032A96B10A0087F7E8 /* FirstNameAvatarView.swift in Sources */,
				4304B0052A96B15F0087F7E8 /* BannerImageView.swift in Sources */,
				4304AFFE2A96A3210087F7E8 /* MockData.swift in Sources */,
				431407292A97E3C1005B48BF /* CKRecord+Ext.swift in Sources */,
				4351C2C52AA7885200592A5E /* OnboardInfoView.swift in Sources */,
				43849C6D2A9D7FA300CFDCD2 /* TabMapViewModel.swift in Sources */,
				4304AFFC2A96A06A0087F7E8 /* UserProfile.swift in Sources */,
				43849C6B2A9D7F0800CFDCD2 /* TabLocationsViewModel.swift in Sources */,
				4351C2CB2AA78B2C00592A5E /* PhotoPicker.swift in Sources */,
				439554AC2A96B8AF0050B82B /* CloudKitManager.swift in Sources */,
				431C6DF12AAFF52E006ECCED /* LocationDetailViewModel.swift in Sources */,
				43A098A42A9017D800B0942A /* AppTabView.swift in Sources */,
				4304B0092A96B1AF0087F7E8 /* DescriptionView.swift in Sources */,
				43F4EA782AA6EC12003FFBA2 /* DismissButton.swift in Sources */,
				4345ADFB2AA28B9B00900B5D /* CKAsset+Ext.swift in Sources */,
				43A3B69A2A951F0800905D3A /* View+Ext.swift in Sources */,
				43A3B6A72A95253500905D3A /* EditImage.swift in Sources */,
				43849C682A9D50A400CFDCD2 /* AlertItem.swift in Sources */,
				43A3B6942A9511DB00905D3A /* LocationCell.swift in Sources */,
				4304AFFA2A9699D60087F7E8 /* SpotLocation.swift in Sources */,
				4351C2CD2AA7F68800592A5E /* UIImage+Ext.swift in Sources */,
				43A3B6A92A95254A00905D3A /* CharactersRemainView.swift in Sources */,
				43A3B6962A95121D00905D3A /* AvatarView.swift in Sources */,
				43A3B6A32A9524D300905D3A /* LogoView.swift in Sources */,
				430EC39D2AB1632F00B90508 /* ProfileModalView.swift in Sources */,
				43875CB62AA45BC7000A7519 /* OnboardView.swift in Sources */,
				43A098A02A90173200B0942A /* Color+Ext.swift in Sources */,
			);
			runOnlyForDeploymentPostprocessing = 0;
		};
/* End PBXSourcesBuildPhase section */

/* Begin XCBuildConfiguration section */
		43A098992A90105D00B0942A /* Debug */ = {
			isa = XCBuildConfiguration;
			buildSettings = {
				ALWAYS_SEARCH_USER_PATHS = NO;
				ASSETCATALOG_COMPILER_GENERATE_SWIFT_ASSET_SYMBOL_EXTENSIONS = YES;
				CLANG_ANALYZER_NONNULL = YES;
				CLANG_ANALYZER_NUMBER_OBJECT_CONVERSION = YES_AGGRESSIVE;
				CLANG_CXX_LANGUAGE_STANDARD = "gnu++20";
				CLANG_ENABLE_MODULES = YES;
				CLANG_ENABLE_OBJC_ARC = YES;
				CLANG_ENABLE_OBJC_WEAK = YES;
				CLANG_WARN_BLOCK_CAPTURE_AUTORELEASING = YES;
				CLANG_WARN_BOOL_CONVERSION = YES;
				CLANG_WARN_COMMA = YES;
				CLANG_WARN_CONSTANT_CONVERSION = YES;
				CLANG_WARN_DEPRECATED_OBJC_IMPLEMENTATIONS = YES;
				CLANG_WARN_DIRECT_OBJC_ISA_USAGE = YES_ERROR;
				CLANG_WARN_DOCUMENTATION_COMMENTS = YES;
				CLANG_WARN_EMPTY_BODY = YES;
				CLANG_WARN_ENUM_CONVERSION = YES;
				CLANG_WARN_INFINITE_RECURSION = YES;
				CLANG_WARN_INT_CONVERSION = YES;
				CLANG_WARN_NON_LITERAL_NULL_CONVERSION = YES;
				CLANG_WARN_OBJC_IMPLICIT_RETAIN_SELF = YES;
				CLANG_WARN_OBJC_LITERAL_CONVERSION = YES;
				CLANG_WARN_OBJC_ROOT_CLASS = YES_ERROR;
				CLANG_WARN_QUOTED_INCLUDE_IN_FRAMEWORK_HEADER = YES;
				CLANG_WARN_RANGE_LOOP_ANALYSIS = YES;
				CLANG_WARN_STRICT_PROTOTYPES = YES;
				CLANG_WARN_SUSPICIOUS_MOVE = YES;
				CLANG_WARN_UNGUARDED_AVAILABILITY = YES_AGGRESSIVE;
				CLANG_WARN_UNREACHABLE_CODE = YES;
				CLANG_WARN__DUPLICATE_METHOD_MATCH = YES;
				COPY_PHASE_STRIP = NO;
				DEBUG_INFORMATION_FORMAT = dwarf;
				ENABLE_STRICT_OBJC_MSGSEND = YES;
				ENABLE_TESTABILITY = YES;
				ENABLE_USER_SCRIPT_SANDBOXING = YES;
				GCC_C_LANGUAGE_STANDARD = gnu11;
				GCC_DYNAMIC_NO_PIC = NO;
				GCC_NO_COMMON_BLOCKS = YES;
				GCC_OPTIMIZATION_LEVEL = 0;
				GCC_PREPROCESSOR_DEFINITIONS = (
					"DEBUG=1",
					"$(inherited)",
				);
				GCC_WARN_64_TO_32_BIT_CONVERSION = YES;
				GCC_WARN_ABOUT_RETURN_TYPE = YES_ERROR;
				GCC_WARN_UNDECLARED_SELECTOR = YES;
				GCC_WARN_UNINITIALIZED_AUTOS = YES_AGGRESSIVE;
				GCC_WARN_UNUSED_FUNCTION = YES;
				GCC_WARN_UNUSED_VARIABLE = YES;
				IPHONEOS_DEPLOYMENT_TARGET = 17.0;
				MTL_ENABLE_DEBUG_INFO = INCLUDE_SOURCE;
				MTL_FAST_MATH = YES;
				ONLY_ACTIVE_ARCH = YES;
				SDKROOT = iphoneos;
				SWIFT_ACTIVE_COMPILATION_CONDITIONS = DEBUG;
				SWIFT_OPTIMIZATION_LEVEL = "-Onone";
			};
			name = Debug;
		};
		43A0989A2A90105D00B0942A /* Release */ = {
			isa = XCBuildConfiguration;
			buildSettings = {
				ALWAYS_SEARCH_USER_PATHS = NO;
				ASSETCATALOG_COMPILER_GENERATE_SWIFT_ASSET_SYMBOL_EXTENSIONS = YES;
				CLANG_ANALYZER_NONNULL = YES;
				CLANG_ANALYZER_NUMBER_OBJECT_CONVERSION = YES_AGGRESSIVE;
				CLANG_CXX_LANGUAGE_STANDARD = "gnu++20";
				CLANG_ENABLE_MODULES = YES;
				CLANG_ENABLE_OBJC_ARC = YES;
				CLANG_ENABLE_OBJC_WEAK = YES;
				CLANG_WARN_BLOCK_CAPTURE_AUTORELEASING = YES;
				CLANG_WARN_BOOL_CONVERSION = YES;
				CLANG_WARN_COMMA = YES;
				CLANG_WARN_CONSTANT_CONVERSION = YES;
				CLANG_WARN_DEPRECATED_OBJC_IMPLEMENTATIONS = YES;
				CLANG_WARN_DIRECT_OBJC_ISA_USAGE = YES_ERROR;
				CLANG_WARN_DOCUMENTATION_COMMENTS = YES;
				CLANG_WARN_EMPTY_BODY = YES;
				CLANG_WARN_ENUM_CONVERSION = YES;
				CLANG_WARN_INFINITE_RECURSION = YES;
				CLANG_WARN_INT_CONVERSION = YES;
				CLANG_WARN_NON_LITERAL_NULL_CONVERSION = YES;
				CLANG_WARN_OBJC_IMPLICIT_RETAIN_SELF = YES;
				CLANG_WARN_OBJC_LITERAL_CONVERSION = YES;
				CLANG_WARN_OBJC_ROOT_CLASS = YES_ERROR;
				CLANG_WARN_QUOTED_INCLUDE_IN_FRAMEWORK_HEADER = YES;
				CLANG_WARN_RANGE_LOOP_ANALYSIS = YES;
				CLANG_WARN_STRICT_PROTOTYPES = YES;
				CLANG_WARN_SUSPICIOUS_MOVE = YES;
				CLANG_WARN_UNGUARDED_AVAILABILITY = YES_AGGRESSIVE;
				CLANG_WARN_UNREACHABLE_CODE = YES;
				CLANG_WARN__DUPLICATE_METHOD_MATCH = YES;
				COPY_PHASE_STRIP = NO;
				DEBUG_INFORMATION_FORMAT = "dwarf-with-dsym";
				ENABLE_NS_ASSERTIONS = NO;
				ENABLE_STRICT_OBJC_MSGSEND = YES;
				ENABLE_USER_SCRIPT_SANDBOXING = YES;
				GCC_C_LANGUAGE_STANDARD = gnu11;
				GCC_NO_COMMON_BLOCKS = YES;
				GCC_WARN_64_TO_32_BIT_CONVERSION = YES;
				GCC_WARN_ABOUT_RETURN_TYPE = YES_ERROR;
				GCC_WARN_UNDECLARED_SELECTOR = YES;
				GCC_WARN_UNINITIALIZED_AUTOS = YES_AGGRESSIVE;
				GCC_WARN_UNUSED_FUNCTION = YES;
				GCC_WARN_UNUSED_VARIABLE = YES;
				IPHONEOS_DEPLOYMENT_TARGET = 17.0;
				MTL_ENABLE_DEBUG_INFO = NO;
				MTL_FAST_MATH = YES;
				SDKROOT = iphoneos;
				SWIFT_COMPILATION_MODE = wholemodule;
				SWIFT_OPTIMIZATION_LEVEL = "-O";
				VALIDATE_PRODUCT = YES;
			};
			name = Release;
		};
		43A0989C2A90105D00B0942A /* Debug */ = {
			isa = XCBuildConfiguration;
			buildSettings = {
				ASSETCATALOG_COMPILER_APPICON_NAME = AppIcon;
				ASSETCATALOG_COMPILER_GLOBAL_ACCENT_COLOR_NAME = AccentColor;
				CODE_SIGN_ENTITLEMENTS = AfterBuild/AfterBuild.entitlements;
				CODE_SIGN_STYLE = Automatic;
				CURRENT_PROJECT_VERSION = 1;
				DEVELOPMENT_ASSET_PATHS = "\"AfterBuild/Preview Content\"";
				DEVELOPMENT_TEAM = W8A2PVHCN3;
				ENABLE_PREVIEWS = YES;
				GENERATE_INFOPLIST_FILE = YES;
				INFOPLIST_KEY_NSLocationWhenInUseUsageDescription = "AfterBuild uses your location to show where you are in relation to your friends and food.";
				INFOPLIST_KEY_UIApplicationSceneManifest_Generation = YES;
				INFOPLIST_KEY_UIApplicationSupportsIndirectInputEvents = YES;
				INFOPLIST_KEY_UILaunchScreen_Generation = YES;
				INFOPLIST_KEY_UISupportedInterfaceOrientations = UIInterfaceOrientationPortrait;
				IPHONEOS_DEPLOYMENT_TARGET = 17.0;
				LD_RUNPATH_SEARCH_PATHS = (
					"$(inherited)",
					"@executable_path/Frameworks",
				);
				MARKETING_VERSION = 1.0;
				PRODUCT_BUNDLE_IDENTIFIER = fr.hludovic.AfterBuild;
				PRODUCT_NAME = "$(TARGET_NAME)";
				SUPPORTED_PLATFORMS = "iphoneos iphonesimulator";
				SUPPORTS_MACCATALYST = NO;
				SUPPORTS_MAC_DESIGNED_FOR_IPHONE_IPAD = NO;
				SWIFT_EMIT_LOC_STRINGS = YES;
				SWIFT_VERSION = 5.0;
				TARGETED_DEVICE_FAMILY = 1;
			};
			name = Debug;
		};
		43A0989D2A90105D00B0942A /* Release */ = {
			isa = XCBuildConfiguration;
			buildSettings = {
				ASSETCATALOG_COMPILER_APPICON_NAME = AppIcon;
				ASSETCATALOG_COMPILER_GLOBAL_ACCENT_COLOR_NAME = AccentColor;
				CODE_SIGN_ENTITLEMENTS = AfterBuild/AfterBuild.entitlements;
				CODE_SIGN_STYLE = Automatic;
				CURRENT_PROJECT_VERSION = 1;
				DEVELOPMENT_ASSET_PATHS = "\"AfterBuild/Preview Content\"";
				DEVELOPMENT_TEAM = W8A2PVHCN3;
				ENABLE_PREVIEWS = YES;
				GENERATE_INFOPLIST_FILE = YES;
				INFOPLIST_KEY_NSLocationWhenInUseUsageDescription = "AfterBuild uses your location to show where you are in relation to your friends and food.";
				INFOPLIST_KEY_UIApplicationSceneManifest_Generation = YES;
				INFOPLIST_KEY_UIApplicationSupportsIndirectInputEvents = YES;
				INFOPLIST_KEY_UILaunchScreen_Generation = YES;
				INFOPLIST_KEY_UISupportedInterfaceOrientations = UIInterfaceOrientationPortrait;
				IPHONEOS_DEPLOYMENT_TARGET = 17.0;
				LD_RUNPATH_SEARCH_PATHS = (
					"$(inherited)",
					"@executable_path/Frameworks",
				);
				MARKETING_VERSION = 1.0;
				PRODUCT_BUNDLE_IDENTIFIER = fr.hludovic.AfterBuild;
				PRODUCT_NAME = "$(TARGET_NAME)";
				SUPPORTED_PLATFORMS = "iphoneos iphonesimulator";
				SUPPORTS_MACCATALYST = NO;
				SUPPORTS_MAC_DESIGNED_FOR_IPHONE_IPAD = NO;
				SWIFT_EMIT_LOC_STRINGS = YES;
				SWIFT_VERSION = 5.0;
				TARGETED_DEVICE_FAMILY = 1;
			};
			name = Release;
		};
/* End XCBuildConfiguration section */

/* Begin XCConfigurationList section */
		43A098882A90105C00B0942A /* Build configuration list for PBXProject "AfterBuild" */ = {
			isa = XCConfigurationList;
			buildConfigurations = (
				43A098992A90105D00B0942A /* Debug */,
				43A0989A2A90105D00B0942A /* Release */,
			);
			defaultConfigurationIsVisible = 0;
			defaultConfigurationName = Release;
		};
		43A0989B2A90105D00B0942A /* Build configuration list for PBXNativeTarget "AfterBuild" */ = {
			isa = XCConfigurationList;
			buildConfigurations = (
				43A0989C2A90105D00B0942A /* Debug */,
				43A0989D2A90105D00B0942A /* Release */,
			);
			defaultConfigurationIsVisible = 0;
			defaultConfigurationName = Release;
		};
/* End XCConfigurationList section */
	};
	rootObject = 43A098852A90105C00B0942A /* Project object */;
}
